// !$*UTF8*$!
{
	archiveVersion = 1;
	classes = {
	};
	objectVersion = 46;
	objects = {

/* Begin PBXBuildFile section */
		3D34C3C51DA0393000250C75 /* AppDelegate.swift in Sources */ = {isa = PBXBuildFile; fileRef = 3D34C3C41DA0393000250C75 /* AppDelegate.swift */; };
		3D34C3C71DA0393000250C75 /* ViewController.swift in Sources */ = {isa = PBXBuildFile; fileRef = 3D34C3C61DA0393000250C75 /* ViewController.swift */; };
		3D34C3CA1DA0393000250C75 /* Main.storyboard in Resources */ = {isa = PBXBuildFile; fileRef = 3D34C3C81DA0393000250C75 /* Main.storyboard */; };
		3D34C3CC1DA0393000250C75 /* Assets.xcassets in Resources */ = {isa = PBXBuildFile; fileRef = 3D34C3CB1DA0393000250C75 /* Assets.xcassets */; };
		3D34C3CF1DA0393000250C75 /* LaunchScreen.storyboard in Resources */ = {isa = PBXBuildFile; fileRef = 3D34C3CD1DA0393000250C75 /* LaunchScreen.storyboard */; };
/* End PBXBuildFile section */

/* Begin PBXFileReference section */
		3D34C3C11DA0393000250C75 /* XcodeTour.app */ = {isa = PBXFileReference; explicitFileType = wrapper.application; includeInIndex = 0; path = XcodeTour.app; sourceTree = BUILT_PRODUCTS_DIR; };
		3D34C3C41DA0393000250C75 /* AppDelegate.swift */ = {isa = PBXFileReference; lastKnownFileType = sourcecode.swift; path = AppDelegate.swift; sourceTree = "<group>"; };
		3D34C3C61DA0393000250C75 /* ViewController.swift */ = {isa = PBXFileReference; lastKnownFileType = sourcecode.swift; path = ViewController.swift; sourceTree = "<group>"; };
		3D34C3C91DA0393000250C75 /* Base */ = {isa = PBXFileReference; lastKnownFileType = file.storyboard; name = Base; path = Base.lproj/Main.storyboard; sourceTree = "<group>"; };
		3D34C3CB1DA0393000250C75 /* Assets.xcassets */ = {isa = PBXFileReference; lastKnownFileType = folder.assetcatalog; path = Assets.xcassets; sourceTree = "<group>"; };
		3D34C3CE1DA0393000250C75 /* Base */ = {isa = PBXFileReference; lastKnownFileType = file.storyboard; name = Base; path = Base.lproj/LaunchScreen.storyboard; sourceTree = "<group>"; };
		3D34C3D01DA0393000250C75 /* Info.plist */ = {isa = PBXFileReference; lastKnownFileType = text.plist.xml; path = Info.plist; sourceTree = "<group>"; };
/* End PBXFileReference section */

/* Begin PBXFrameworksBuildPhase section */
		3D34C3BE1DA0393000250C75 /* Frameworks */ = {
			isa = PBXFrameworksBuildPhase;
			buildActionMask = 2147483647;
			files = (
			);
			runOnlyForDeploymentPostprocessing = 0;
		};
/* End PBXFrameworksBuildPhase section */

/* Begin PBXGroup section */
		3D34C3B81DA0393000250C75 = {
			isa = PBXGroup;
			children = (
				3D34C3C31DA0393000250C75 /* XcodeTour */,
				3D34C3C21DA0393000250C75 /* Products */,
			);
			sourceTree = "<group>";
		};
		3D34C3C21DA0393000250C75 /* Products */ = {
			isa = PBXGroup;
			children = (
				3D34C3C11DA0393000250C75 /* XcodeTour.app */,
			);
			name = Products;
			sourceTree = "<group>";
		};
		3D34C3C31DA0393000250C75 /* XcodeTour */ = {
			isa = PBXGroup;
			children = (
				3D34C3C41DA0393000250C75 /* AppDelegate.swift */,
				3D34C3C61DA0393000250C75 /* ViewController.swift */,
				3D34C3C81DA0393000250C75 /* Main.storyboard */,
				3D34C3CB1DA0393000250C75 /* Assets.xcassets */,
				3D34C3CD1DA0393000250C75 /* LaunchScreen.storyboard */,
				3D34C3D01DA0393000250C75 /* Info.plist */,
			);
			path = XcodeTour;
			sourceTree = "<group>";
		};
/* End PBXGroup section */

/* Begin PBXNativeTarget section */
		3D34C3C01DA0393000250C75 /* XcodeTour */ = {
			isa = PBXNativeTarget;
			buildConfigurationList = 3D34C3D31DA0393000250C75 /* Build configuration list for PBXNativeTarget "XcodeTour" */;
			buildPhases = (
				3D34C3BD1DA0393000250C75 /* Sources */,
				3D34C3BE1DA0393000250C75 /* Frameworks */,
				3D34C3BF1DA0393000250C75 /* Resources */,
			);
			buildRules = (
			);
			dependencies = (
			);
			name = XcodeTour;
			productName = XcodeTour;
			productReference = 3D34C3C11DA0393000250C75 /* XcodeTour.app */;
			productType = "com.apple.product-type.application";
		};
/* End PBXNativeTarget section */

/* Begin PBXProject section */
		3D34C3B91DA0393000250C75 /* Project object */ = {
			isa = PBXProject;
			attributes = {
				LastSwiftUpdateCheck = 0800;
				LastUpgradeCheck = 0800;
				ORGANIZATIONNAME = studio;
				TargetAttributes = {
					3D34C3C01DA0393000250C75 = {
						CreatedOnToolsVersion = 8.0;
						DevelopmentTeam = 2R9ME98ZZ3;
						ProvisioningStyle = Automatic;
					};
				};
			};
			buildConfigurationList = 3D34C3BC1DA0393000250C75 /* Build configuration list for PBXProject "XcodeTour" */;
			compatibilityVersion = "Xcode 3.2";
			developmentRegion = English;
			hasScannedForEncodings = 0;
			knownRegions = (
				en,
				Base,
			);
			mainGroup = 3D34C3B81DA0393000250C75;
			productRefGroup = 3D34C3C21DA0393000250C75 /* Products */;
			projectDirPath = "";
			projectRoot = "";
			targets = (
				3D34C3C01DA0393000250C75 /* XcodeTour */,
			);
		};
/* End PBXProject section */

/* Begin PBXResourcesBuildPhase section */
		3D34C3BF1DA0393000250C75 /* Resources */ = {
			isa = PBXResourcesBuildPhase;
			buildActionMask = 2147483647;
			files = (
				3D34C3CF1DA0393000250C75 /* LaunchScreen.storyboard in Resources */,
				3D34C3CC1DA0393000250C75 /* Assets.xcassets in Resources */,
				3D34C3CA1DA0393000250C75 /* Main.storyboard in Resources */,
			);
			runOnlyForDeploymentPostprocessing = 0;
		};
/* End PBXResourcesBuildPhase section */

/* Begin PBXSourcesBuildPhase section */
		3D34C3BD1DA0393000250C75 /* Sources */ = {
			isa = PBXSourcesBuildPhase;
			buildActionMask = 2147483647;
			files = (
				3D34C3C71DA0393000250C75 /* ViewController.swift in Sources */,
				3D34C3C51DA0393000250C75 /* AppDelegate.swift in Sources */,
			);
			runOnlyForDeploymentPostprocessing = 0;
		};
/* End PBXSourcesBuildPhase section */

/* Begin PBXVariantGroup section */
		3D34C3C81DA0393000250C75 /* Main.storyboard */ = {
			isa = PBXVariantGroup;
			children = (
				3D34C3C91DA0393000250C75 /* Base */,
			);
			name = Main.storyboard;
			sourceTree = "<group>";
		};
		3D34C3CD1DA0393000250C75 /* LaunchScreen.storyboard */ = {
			isa = PBXVariantGroup;
			children = (
				3D34C3CE1DA0393000250C75 /* Base */,
			);
			name = LaunchScreen.storyboard;
			sourceTree = "<group>";
		};
/* End PBXVariantGroup section */

/* Begin XCBuildConfiguration section */
		3D34C3D11DA0393000250C75 /* Debug */ = {
			isa = XCBuildConfiguration;
			buildSettings = {
				ALWAYS_SEARCH_USER_PATHS = NO;
				CLANG_ANALYZER_NONNULL = YES;
				CLANG_CXX_LANGUAGE_STANDARD = "gnu++0x";
				CLANG_CXX_LIBRARY = "libc++";
				CLANG_ENABLE_MODULES = YES;
				CLANG_ENABLE_OBJC_ARC = YES;
				CLANG_WARN_BOOL_CONVERSION = YES;
				CLANG_WARN_CONSTANT_CONVERSION = YES;
				CLANG_WARN_DIRECT_OBJC_ISA_USAGE = YES_ERROR;
				CLANG_WARN_DOCUMENTATION_COMMENTS = YES;
				CLANG_WARN_EMPTY_BODY = YES;
				CLANG_WARN_ENUM_CONVERSION = YES;
				CLANG_WARN_INFINITE_RECURSION = YES;
				CLANG_WARN_INT_CONVERSION = YES;
				CLANG_WARN_OBJC_ROOT_CLASS = YES_ERROR;
				CLANG_WARN_SUSPICIOUS_MOVES = YES;
				CLANG_WARN_UNREACHABLE_CODE = YES;
				CLANG_WARN__DUPLICATE_METHOD_MATCH = YES;
				"CODE_SIGN_IDENTITY[sdk=iphoneos*]" = "iPhone Developer";
				COPY_PHASE_STRIP = NO;
				DEBUG_INFORMATION_FORMAT = dwarf;
				ENABLE_STRICT_OBJC_MSGSEND = YES;
				ENABLE_TESTABILITY = YES;
				GCC_C_LANGUAGE_STANDARD = gnu99;
				GCC_DYNAMIC_NO_PIC = NO;
				GCC_NO_COMMON_BLOCKS = YES;
				GCC_OPTIMIZATION_LEVEL = 0;
				GCC_PREPROCESSOR_DEFINITIONS = (
					"DEBUG=1",
					"$(inherited)",
				);
				GCC_WARN_64_TO_32_BIT_CONVERSION = YES;
				GCC_WARN_ABOUT_RETURN_TYPE = YES_ERROR;
				GCC_WARN_UNDECLARED_SELECTOR = YES;
				GCC_WARN_UNINITIALIZED_AUTOS = YES_AGGRESSIVE;
				GCC_WARN_UNUSED_FUNCTION = YES;
				GCC_WARN_UNUSED_VARIABLE = YES;
				IPHONEOS_DEPLOYMENT_TARGET = 10.0;
				MTL_ENABLE_DEBUG_INFO = YES;
				ONLY_ACTIVE_ARCH = YES;
				SDKROOT = iphoneos;
				SWIFT_ACTIVE_COMPILATION_CONDITIONS = DEBUG;
				SWIFT_OPTIMIZATION_LEVEL = "-Onone";
			};
			name = Debug;
		};
		3D34C3D21DA0393000250C75 /* Release */ = {
			isa = XCBuildConfiguration;
			buildSettings = {
				ALWAYS_SEARCH_USER_PATHS = NO;
				CLANG_ANALYZER_NONNULL = YES;
				CLANG_CXX_LANGUAGE_STANDARD = "gnu++0x";
				CLANG_CXX_LIBRARY = "libc++";
				CLANG_ENABLE_MODULES = YES;
				CLANG_ENABLE_OBJC_ARC = YES;
				CLANG_WARN_BOOL_CONVERSION = YES;
				CLANG_WARN_CONSTANT_CONVERSION = YES;
				CLANG_WARN_DIRECT_OBJC_ISA_USAGE = YES_ERROR;
				CLANG_WARN_DOCUMENTATION_COMMENTS = YES;
				CLANG_WARN_EMPTY_BODY = YES;
				CLANG_WARN_ENUM_CONVERSION = YES;
				CLANG_WARN_INFINITE_RECURSION = YES;
				CLANG_WARN_INT_CONVERSION = YES;
				CLANG_WARN_OBJC_ROOT_CLASS = YES_ERROR;
				CLANG_WARN_SUSPICIOUS_MOVES = YES;
				CLANG_WARN_UNREACHABLE_CODE = YES;
				CLANG_WARN__DUPLICATE_METHOD_MATCH = YES;
				"CODE_SIGN_IDENTITY[sdk=iphoneos*]" = "iPhone Developer";
				COPY_PHASE_STRIP = NO;
				DEBUG_INFORMATION_FORMAT = "dwarf-with-dsym";
				ENABLE_NS_ASSERTIONS = NO;
				ENABLE_STRICT_OBJC_MSGSEND = YES;
				GCC_C_LANGUAGE_STANDARD = gnu99;
				GCC_NO_COMMON_BLOCKS = YES;
				GCC_WARN_64_TO_32_BIT_CONVERSION = YES;
				GCC_WARN_ABOUT_RETURN_TYPE = YES_ERROR;
				GCC_WARN_UNDECLARED_SELECTOR = YES;
				GCC_WARN_UNINITIALIZED_AUTOS = YES_AGGRESSIVE;
				GCC_WARN_UNUSED_FUNCTION = YES;
				GCC_WARN_UNUSED_VARIABLE = YES;
				IPHONEOS_DEPLOYMENT_TARGET = 10.0;
				MTL_ENABLE_DEBUG_INFO = NO;
				SDKROOT = iphoneos;
				SWIFT_OPTIMIZATION_LEVEL = "-Owholemodule";
				VALIDATE_PRODUCT = YES;
			};
			name = Release;
		};
		3D34C3D41DA0393000250C75 /* Debug */ = {
			isa = XCBuildConfiguration;
			buildSettings = {
				ASSETCATALOG_COMPILER_APPICON_NAME = AppIcon;
				DEVELOPMENT_TEAM = 2R9ME98ZZ3;
				INFOPLIST_FILE = XcodeTour/Info.plist;
				LD_RUNPATH_SEARCH_PATHS = "$(inherited) @executable_path/Frameworks";
				PRODUCT_BUNDLE_IDENTIFIER = com.igneus.XcodeTour;
				PRODUCT_NAME = "$(TARGET_NAME)";
				SWIFT_VERSION = 3.0;
			};
			name = Debug;
		};
		3D34C3D51DA0393000250C75 /* Release */ = {
			isa = XCBuildConfiguration;
			buildSettings = {
				ASSETCATALOG_COMPILER_APPICON_NAME = AppIcon;
				DEVELOPMENT_TEAM = 2R9ME98ZZ3;
				INFOPLIST_FILE = XcodeTour/Info.plist;
				LD_RUNPATH_SEARCH_PATHS = "$(inherited) @executable_path/Frameworks";
				PRODUCT_BUNDLE_IDENTIFIER = com.igneus.XcodeTour;
				PRODUCT_NAME = "$(TARGET_NAME)";
				SWIFT_VERSION = 3.0;
			};
			name = Release;
		};
/* End XCBuildConfiguration section */

/* Begin XCConfigurationList section */
		3D34C3BC1DA0393000250C75 /* Build configuration list for PBXProject "XcodeTour" */ = {
			isa = XCConfigurationList;
			buildConfigurations = (
				3D34C3D11DA0393000250C75 /* Debug */,
				3D34C3D21DA0393000250C75 /* Release */,
			);
			defaultConfigurationIsVisible = 0;
			defaultConfigurationName = Release;
		};
		3D34C3D31DA0393000250C75 /* Build configuration list for PBXNativeTarget "XcodeTour" */ = {
			isa = XCConfigurationList;
			buildConfigurations = (
				3D34C3D41DA0393000250C75 /* Debug */,
				3D34C3D51DA0393000250C75 /* Release */,
			);
			defaultConfigurationIsVisible = 0;
		};
/* End XCConfigurationList section */
	};
	rootObject = 3D34C3B91DA0393000250C75 /* Project object */;
}
